
Microsoft Visual Studio Solution File, Format Version 12.00
# Visual Studio Version 17
VisualStudioVersion = 17.7.34003.232
MinimumVisualStudioVersion = 10.0.40219.1
Project("{FAE04EC0-301F-11D3-BF4B-00C04F79EFBC}") = "microdundamento desenvolvimento backend", "microdundamento desenvolvimento backend\microdundamento desenvolvimento backend.csproj", "{D4881287-210B-4BEC-85C4-D200FF749A3B}"
EndProject
Global
	GlobalSection(SolutionConfigurationPlatforms) = preSolution
		Debug|Any CPU = Debug|Any CPU
		Release|Any CPU = Release|Any CPU
	EndGlobalSection
	GlobalSection(ProjectConfigurationPlatforms) = postSolution
		{D4881287-210B-4BEC-85C4-D200FF749A3B}.Debug|Any CPU.ActiveCfg = Debug|Any CPU
		{D4881287-210B-4BEC-85C4-D200FF749A3B}.Debug|Any CPU.Build.0 = Debug|Any CPU
		{D4881287-210B-4BEC-85C4-D200FF749A3B}.Release|Any CPU.ActiveCfg = Release|Any CPU
		{D4881287-210B-4BEC-85C4-D200FF749A3B}.Release|Any CPU.Build.0 = Release|Any CPU
	EndGlobalSection
	GlobalSection(SolutionProperties) = preSolution
		HideSolutionNode = FALSE
	EndGlobalSection
	GlobalSection(ExtensibilityGlobals) = postSolution
		SolutionGuid = {08CBFF76-BE1F-46B7-8CE7-DDCA09D3F25E}
	EndGlobalSection
EndGlobal
